
Microsoft Visual Studio Solution File, Format Version 12.00
# Visual Studio Version 17
VisualStudioVersion = 17.0.31912.275
MinimumVisualStudioVersion = 10.0.40219.1
Project("{FAE04EC0-301F-11D3-BF4B-00C04F79EFBC}") = "Test Connection", "Test Connection\Test Connection.csproj", "{08EE5E69-6067-4866-AE18-11401B0F5744}"
EndProject
Global
	GlobalSection(SolutionConfigurationPlatforms) = preSolution
		Debug|Any CPU = Debug|Any CPU
		Release|Any CPU = Release|Any CPU
	EndGlobalSection
	GlobalSection(ProjectConfigurationPlatforms) = postSolution
		{08EE5E69-6067-4866-AE18-11401B0F5744}.Debug|Any CPU.ActiveCfg = Debug|Any CPU
		{08EE5E69-6067-4866-AE18-11401B0F5744}.Debug|Any CPU.Build.0 = Debug|Any CPU
		{08EE5E69-6067-4866-AE18-11401B0F5744}.Release|Any CPU.ActiveCfg = Release|Any CPU
		{08EE5E69-6067-4866-AE18-11401B0F5744}.Release|Any CPU.Build.0 = Release|Any CPU
	EndGlobalSection
	GlobalSection(SolutionProperties) = preSolution
		HideSolutionNode = FALSE
	EndGlobalSection
	GlobalSection(ExtensibilityGlobals) = postSolution
		SolutionGuid = {5F8D6C5D-FAAB-450C-9CB6-ECB90354C5D1}
	EndGlobalSection
EndGlobal
